
Microsoft Visual Studio Solution File, Format Version 12.00
# Visual Studio Version 16
VisualStudioVersion = 16.0.28922.388
MinimumVisualStudioVersion = 10.0.40219.1
Project("{8BC9CEB8-8B4A-11D0-8D11-00A0C91BC942}") = "libzydis", "[Depends]\libzydis.vcxproj", "{C52CA55B-1B6E-4725-8FA8-9817113801DC}"
EndProject
Project("{8BC9CEB8-8B4A-11D0-8D11-00A0C91BC942}") = "libmeshoptimizer", "[Depends]\libmeshoptimizer.vcxproj", "{413F4A50-5DF5-411D-A2B1-729054F66C70}"
EndProject
Project("{8BC9CEB8-8B4A-11D0-8D11-00A0C91BC942}") = "libdeflate", "[Depends]\libdeflate.vcxproj", "{9E771CA4-04D9-4ED8-80F2-FFD379413688}"
EndProject
Project("{8BC9CEB8-8B4A-11D0-8D11-00A0C91BC942}") = "tbb", "[Depends]\tbb\build\vs2013\tbb.vcxproj", "{F62787DD-1327-448B-9818-030062BCFAA5}"
EndProject
Project("{8BC9CEB8-8B4A-11D0-8D11-00A0C91BC942}") = "tbbmalloc", "[Depends]\tbb\build\vs2013\tbbmalloc.vcxproj", "{B15F131E-328A-4D42-ADC2-9FF4CA6306D8}"
EndProject
Project("{2150E333-8FDC-42A3-9474-1A3956D46DE8}") = "[Depends]", "[Depends]", "{59EF9353-20C8-4FA9-BD08-1765C7C25178}"
EndProject
Project("{8BC9CEB8-8B4A-11D0-8D11-00A0C91BC942}") = "detours", "[Depends]\detours\detours\detours.vcxproj", "{06E30C65-D79A-4FEC-8A60-B36D907E6601}"
EndProject
Project("{8BC9CEB8-8B4A-11D0-8D11-00A0C91BC942}") = "f4ck_loader", "[Components]\f4ck_loader\f4ck_loader.vcxproj", "{16FBC8F6-E657-4242-8DBE-441CC9123674}"
EndProject
Project("{2150E333-8FDC-42A3-9474-1A3956D46DE8}") = "[Components]", "[Components]", "{C7CCDF6A-B6A1-400D-AC19-B1030A325949}"
EndProject
Project("{8BC9CEB8-8B4A-11D0-8D11-00A0C91BC942}") = "fallout4_test", "fallout4_test.vcxproj", "{BF4A1EFE-0BD9-49A1-BC02-2FA53027B0D7}"
	ProjectSection(ProjectDependencies) = postProject
		{B15F131E-328A-4D42-ADC2-9FF4CA6306D8} = {B15F131E-328A-4D42-ADC2-9FF4CA6306D8}
		{413F4A50-5DF5-411D-A2B1-729054F66C70} = {413F4A50-5DF5-411D-A2B1-729054F66C70}
		{C52CA55B-1B6E-4725-8FA8-9817113801DC} = {C52CA55B-1B6E-4725-8FA8-9817113801DC}
		{06E30C65-D79A-4FEC-8A60-B36D907E6601} = {06E30C65-D79A-4FEC-8A60-B36D907E6601}
		{9E771CA4-04D9-4ED8-80F2-FFD379413688} = {9E771CA4-04D9-4ED8-80F2-FFD379413688}
		{F62787DD-1327-448B-9818-030062BCFAA5} = {F62787DD-1327-448B-9818-030062BCFAA5}
	EndProjectSection
EndProject
Global
	GlobalSection(SolutionConfigurationPlatforms) = preSolution
		Debug|Any CPU = Debug|Any CPU
		Debug|x64 = Debug|x64
		Debug|x86 = Debug|x86
		Release|Any CPU = Release|Any CPU
		Release|x64 = Release|x64
		Release|x86 = Release|x86
		Release-AVX|Any CPU = Release-AVX|Any CPU
		Release-AVX|x64 = Release-AVX|x64
		Release-AVX|x86 = Release-AVX|x86
		Release-MT|Any CPU = Release-MT|Any CPU
		Release-MT|x64 = Release-MT|x64
		Release-MT|x86 = Release-MT|x86
		Release-MT-AVX|Any CPU = Release-MT-AVX|Any CPU
		Release-MT-AVX|x64 = Release-MT-AVX|x64
		Release-MT-AVX|x86 = Release-MT-AVX|x86
	EndGlobalSection
	GlobalSection(ProjectConfigurationPlatforms) = postSolution
		{C52CA55B-1B6E-4725-8FA8-9817113801DC}.Debug|Any CPU.ActiveCfg = Release-MT-AVX|x64
		{C52CA55B-1B6E-4725-8FA8-9817113801DC}.Debug|Any CPU.Build.0 = Release-MT-AVX|x64
		{C52CA55B-1B6E-4725-8FA8-9817113801DC}.Debug|x64.ActiveCfg = Release-MT-AVX|x64
		{C52CA55B-1B6E-4725-8FA8-9817113801DC}.Debug|x64.Build.0 = Release-MT-AVX|x64
		{C52CA55B-1B6E-4725-8FA8-9817113801DC}.Debug|x86.ActiveCfg = Release-AVX|Win32
		{C52CA55B-1B6E-4725-8FA8-9817113801DC}.Debug|x86.Build.0 = Release-AVX|Win32
		{C52CA55B-1B6E-4725-8FA8-9817113801DC}.Release|Any CPU.ActiveCfg = Release|Win32
		{C52CA55B-1B6E-4725-8FA8-9817113801DC}.Release|x64.ActiveCfg = Release|x64
		{C52CA55B-1B6E-4725-8FA8-9817113801DC}.Release|x64.Build.0 = Release|x64
		{C52CA55B-1B6E-4725-8FA8-9817113801DC}.Release|x86.ActiveCfg = Release|Win32
		{C52CA55B-1B6E-4725-8FA8-9817113801DC}.Release|x86.Build.0 = Release|Win32
		{C52CA55B-1B6E-4725-8FA8-9817113801DC}.Release-AVX|Any CPU.ActiveCfg = Release-AVX|Win32
		{C52CA55B-1B6E-4725-8FA8-9817113801DC}.Release-AVX|x64.ActiveCfg = Release-AVX|x64
		{C52CA55B-1B6E-4725-8FA8-9817113801DC}.Release-AVX|x64.Build.0 = Release-AVX|x64
		{C52CA55B-1B6E-4725-8FA8-9817113801DC}.Release-AVX|x86.ActiveCfg = Release-AVX|Win32
		{C52CA55B-1B6E-4725-8FA8-9817113801DC}.Release-AVX|x86.Build.0 = Release-AVX|Win32
		{C52CA55B-1B6E-4725-8FA8-9817113801DC}.Release-MT|Any CPU.ActiveCfg = Release|Win32
		{C52CA55B-1B6E-4725-8FA8-9817113801DC}.Release-MT|x64.ActiveCfg = Release|x64
		{C52CA55B-1B6E-4725-8FA8-9817113801DC}.Release-MT|x64.Build.0 = Release|x64
		{C52CA55B-1B6E-4725-8FA8-9817113801DC}.Release-MT|x86.ActiveCfg = Release|Win32
		{C52CA55B-1B6E-4725-8FA8-9817113801DC}.Release-MT|x86.Build.0 = Release|Win32
		{C52CA55B-1B6E-4725-8FA8-9817113801DC}.Release-MT-AVX|Any CPU.ActiveCfg = Release-MT-AVX|x64
		{C52CA55B-1B6E-4725-8FA8-9817113801DC}.Release-MT-AVX|x64.ActiveCfg = Release-AVX|x64
		{C52CA55B-1B6E-4725-8FA8-9817113801DC}.Release-MT-AVX|x64.Build.0 = Release-AVX|x64
		{C52CA55B-1B6E-4725-8FA8-9817113801DC}.Release-MT-AVX|x86.ActiveCfg = Release-MT-AVX|x64
		{413F4A50-5DF5-411D-A2B1-729054F66C70}.Debug|Any CPU.ActiveCfg = Release-MT-AVX|x64
		{413F4A50-5DF5-411D-A2B1-729054F66C70}.Debug|Any CPU.Build.0 = Release-MT-AVX|x64
		{413F4A50-5DF5-411D-A2B1-729054F66C70}.Debug|x64.ActiveCfg = Release-MT-AVX|x64
		{413F4A50-5DF5-411D-A2B1-729054F66C70}.Debug|x64.Build.0 = Release-MT-AVX|x64
		{413F4A50-5DF5-411D-A2B1-729054F66C70}.Debug|x86.ActiveCfg = Release-AVX|Win32
		{413F4A50-5DF5-411D-A2B1-729054F66C70}.Debug|x86.Build.0 = Release-AVX|Win32
		{413F4A50-5DF5-411D-A2B1-729054F66C70}.Release|Any CPU.ActiveCfg = Release|Win32
		{413F4A50-5DF5-411D-A2B1-729054F66C70}.Release|x64.ActiveCfg = Release|x64
		{413F4A50-5DF5-411D-A2B1-729054F66C70}.Release|x64.Build.0 = Release|x64
		{413F4A50-5DF5-411D-A2B1-729054F66C70}.Release|x86.ActiveCfg = Release|Win32
		{413F4A50-5DF5-411D-A2B1-729054F66C70}.Release|x86.Build.0 = Release|Win32
		{413F4A50-5DF5-411D-A2B1-729054F66C70}.Release-AVX|Any CPU.ActiveCfg = Release-AVX|Win32
		{413F4A50-5DF5-411D-A2B1-729054F66C70}.Release-AVX|x64.ActiveCfg = Release-AVX|x64
		{413F4A50-5DF5-411D-A2B1-729054F66C70}.Release-AVX|x64.Build.0 = Release-AVX|x64
		{413F4A50-5DF5-411D-A2B1-729054F66C70}.Release-AVX|x86.ActiveCfg = Release-AVX|Win32
		{413F4A50-5DF5-411D-A2B1-729054F66C70}.Release-AVX|x86.Build.0 = Release-AVX|Win32
		{413F4A50-5DF5-411D-A2B1-729054F66C70}.Release-MT|Any CPU.ActiveCfg = Release|Win32
		{413F4A50-5DF5-411D-A2B1-729054F66C70}.Release-MT|x64.ActiveCfg = Release|x64
		{413F4A50-5DF5-411D-A2B1-729054F66C70}.Release-MT|x64.Build.0 = Release|x64
		{413F4A50-5DF5-411D-A2B1-729054F66C70}.Release-MT|x86.ActiveCfg = Release|Win32
		{413F4A50-5DF5-411D-A2B1-729054F66C70}.Release-MT|x86.Build.0 = Release|Win32
		{413F4A50-5DF5-411D-A2B1-729054F66C70}.Release-MT-AVX|Any CPU.ActiveCfg = Release-MT-AVX|x64
		{413F4A50-5DF5-411D-A2B1-729054F66C70}.Release-MT-AVX|x64.ActiveCfg = Release-AVX|x64
		{413F4A50-5DF5-411D-A2B1-729054F66C70}.Release-MT-AVX|x64.Build.0 = Release-AVX|x64
		{413F4A50-5DF5-411D-A2B1-729054F66C70}.Release-MT-AVX|x86.ActiveCfg = Release-MT-AVX|x64
		{9E771CA4-04D9-4ED8-80F2-FFD379413688}.Debug|Any CPU.ActiveCfg = Release-MT-AVX|x64
		{9E771CA4-04D9-4ED8-80F2-FFD379413688}.Debug|Any CPU.Build.0 = Release-MT-AVX|x64
		{9E771CA4-04D9-4ED8-80F2-FFD379413688}.Debug|x64.ActiveCfg = Release-MT-AVX|x64
		{9E771CA4-04D9-4ED8-80F2-FFD379413688}.Debug|x64.Build.0 = Release-MT-AVX|x64
		{9E771CA4-04D9-4ED8-80F2-FFD379413688}.Debug|x86.ActiveCfg = Release-AVX|Win32
		{9E771CA4-04D9-4ED8-80F2-FFD379413688}.Debug|x86.Build.0 = Release-AVX|Win32
		{9E771CA4-04D9-4ED8-80F2-FFD379413688}.Release|Any CPU.ActiveCfg = Release|Win32
		{9E771CA4-04D9-4ED8-80F2-FFD379413688}.Release|x64.ActiveCfg = Release|x64
		{9E771CA4-04D9-4ED8-80F2-FFD379413688}.Release|x64.Build.0 = Release|x64
		{9E771CA4-04D9-4ED8-80F2-FFD379413688}.Release|x86.ActiveCfg = Release|Win32
		{9E771CA4-04D9-4ED8-80F2-FFD379413688}.Release|x86.Build.0 = Release|Win32
		{9E771CA4-04D9-4ED8-80F2-FFD379413688}.Release-AVX|Any CPU.ActiveCfg = Release-AVX|Win32
		{9E771CA4-04D9-4ED8-80F2-FFD379413688}.Release-AVX|x64.ActiveCfg = Release-AVX|x64
		{9E771CA4-04D9-4ED8-80F2-FFD379413688}.Release-AVX|x64.Build.0 = Release-AVX|x64
		{9E771CA4-04D9-4ED8-80F2-FFD379413688}.Release-AVX|x86.ActiveCfg = Release-AVX|Win32
		{9E771CA4-04D9-4ED8-80F2-FFD379413688}.Release-AVX|x86.Build.0 = Release-AVX|Win32
		{9E771CA4-04D9-4ED8-80F2-FFD379413688}.Release-MT|Any CPU.ActiveCfg = Release|Win32
		{9E771CA4-04D9-4ED8-80F2-FFD379413688}.Release-MT|x64.ActiveCfg = Release|x64
		{9E771CA4-04D9-4ED8-80F2-FFD379413688}.Release-MT|x64.Build.0 = Release|x64
		{9E771CA4-04D9-4ED8-80F2-FFD379413688}.Release-MT|x86.ActiveCfg = Release|Win32
		{9E771CA4-04D9-4ED8-80F2-FFD379413688}.Release-MT|x86.Build.0 = Release|Win32
		{9E771CA4-04D9-4ED8-80F2-FFD379413688}.Release-MT-AVX|Any CPU.ActiveCfg = Release-MT-AVX|x64
		{9E771CA4-04D9-4ED8-80F2-FFD379413688}.Release-MT-AVX|x64.ActiveCfg = Release-AVX|x64
		{9E771CA4-04D9-4ED8-80F2-FFD379413688}.Release-MT-AVX|x64.Build.0 = Release-AVX|x64
		{9E771CA4-04D9-4ED8-80F2-FFD379413688}.Release-MT-AVX|x86.ActiveCfg = Release-MT-AVX|x64
		{F62787DD-1327-448B-9818-030062BCFAA5}.Debug|Any CPU.ActiveCfg = Debug|Win32
		{F62787DD-1327-448B-9818-030062BCFAA5}.Debug|x64.ActiveCfg = Debug|x64
		{F62787DD-1327-448B-9818-030062BCFAA5}.Debug|x64.Build.0 = Debug|x64
		{F62787DD-1327-448B-9818-030062BCFAA5}.Debug|x86.ActiveCfg = Debug|Win32
		{F62787DD-1327-448B-9818-030062BCFAA5}.Debug|x86.Build.0 = Debug|Win32
		{F62787DD-1327-448B-9818-030062BCFAA5}.Release|Any CPU.ActiveCfg = Release-MT|x64
		{F62787DD-1327-448B-9818-030062BCFAA5}.Release|x64.ActiveCfg = Release-MT|x64
		{F62787DD-1327-448B-9818-030062BCFAA5}.Release|x86.ActiveCfg = Release-MT|Win32
		{F62787DD-1327-448B-9818-030062BCFAA5}.Release-AVX|Any CPU.ActiveCfg = Release-AVX|Win32
		{F62787DD-1327-448B-9818-030062BCFAA5}.Release-AVX|x64.ActiveCfg = Release-MT-AVX|x64
		{F62787DD-1327-448B-9818-030062BCFAA5}.Release-AVX|x86.ActiveCfg = Release-AVX|Win32
		{F62787DD-1327-448B-9818-030062BCFAA5}.Release-MT|Any CPU.ActiveCfg = Release-MT|Win32
		{F62787DD-1327-448B-9818-030062BCFAA5}.Release-MT|x64.ActiveCfg = Release-MT|x64
		{F62787DD-1327-448B-9818-030062BCFAA5}.Release-MT|x64.Build.0 = Release-MT|x64
		{F62787DD-1327-448B-9818-030062BCFAA5}.Release-MT|x86.ActiveCfg = Release-MT|Win32
		{F62787DD-1327-448B-9818-030062BCFAA5}.Release-MT|x86.Build.0 = Release-MT|Win32
		{F62787DD-1327-448B-9818-030062BCFAA5}.Release-MT-AVX|Any CPU.ActiveCfg = Release-MT-AVX|Win32
		{F62787DD-1327-448B-9818-030062BCFAA5}.Release-MT-AVX|x64.ActiveCfg = Release-MT-AVX|x64
		{F62787DD-1327-448B-9818-030062BCFAA5}.Release-MT-AVX|x64.Build.0 = Release-MT-AVX|x64
		{F62787DD-1327-448B-9818-030062BCFAA5}.Release-MT-AVX|x86.ActiveCfg = Release-MT-AVX|Win32
		{F62787DD-1327-448B-9818-030062BCFAA5}.Release-MT-AVX|x86.Build.0 = Release-MT-AVX|Win32
		{B15F131E-328A-4D42-ADC2-9FF4CA6306D8}.Debug|Any CPU.ActiveCfg = Debug|Win32
		{B15F131E-328A-4D42-ADC2-9FF4CA6306D8}.Debug|x64.ActiveCfg = Debug|x64
		{B15F131E-328A-4D42-ADC2-9FF4CA6306D8}.Debug|x64.Build.0 = Debug|x64
		{B15F131E-328A-4D42-ADC2-9FF4CA6306D8}.Debug|x86.ActiveCfg = Debug|Win32
		{B15F131E-328A-4D42-ADC2-9FF4CA6306D8}.Debug|x86.Build.0 = Debug|Win32
		{B15F131E-328A-4D42-ADC2-9FF4CA6306D8}.Release|Any CPU.ActiveCfg = Release-MT|x64
		{B15F131E-328A-4D42-ADC2-9FF4CA6306D8}.Release|x64.ActiveCfg = Release-MT|x64
		{B15F131E-328A-4D42-ADC2-9FF4CA6306D8}.Release|x86.ActiveCfg = Release-MT|Win32
		{B15F131E-328A-4D42-ADC2-9FF4CA6306D8}.Release-AVX|Any CPU.ActiveCfg = Release-AVX|Win32
		{B15F131E-328A-4D42-ADC2-9FF4CA6306D8}.Release-AVX|x64.ActiveCfg = Release-MT-AVX|x64
		{B15F131E-328A-4D42-ADC2-9FF4CA6306D8}.Release-AVX|x86.ActiveCfg = Release-AVX|Win32
		{B15F131E-328A-4D42-ADC2-9FF4CA6306D8}.Release-MT|Any CPU.ActiveCfg = Release-MT|Win32
		{B15F131E-328A-4D42-ADC2-9FF4CA6306D8}.Release-MT|x64.ActiveCfg = Release-MT|x64
		{B15F131E-328A-4D42-ADC2-9FF4CA6306D8}.Release-MT|x64.Build.0 = Release-MT|x64
		{B15F131E-328A-4D42-ADC2-9FF4CA6306D8}.Release-MT|x86.ActiveCfg = Release-MT|Win32
		{B15F131E-328A-4D42-ADC2-9FF4CA6306D8}.Release-MT|x86.Build.0 = Release-MT|Win32
		{B15F131E-328A-4D42-ADC2-9FF4CA6306D8}.Release-MT-AVX|Any CPU.ActiveCfg = Release-MT-AVX|Win32
		{B15F131E-328A-4D42-ADC2-9FF4CA6306D8}.Release-MT-AVX|x64.ActiveCfg = Release-MT-AVX|x64
		{B15F131E-328A-4D42-ADC2-9FF4CA6306D8}.Release-MT-AVX|x64.Build.0 = Release-MT-AVX|x64
		{B15F131E-328A-4D42-ADC2-9FF4CA6306D8}.Release-MT-AVX|x86.ActiveCfg = Release-MT-AVX|Win32
		{B15F131E-328A-4D42-ADC2-9FF4CA6306D8}.Release-MT-AVX|x86.Build.0 = Release-MT-AVX|Win32
		{06E30C65-D79A-4FEC-8A60-B36D907E6601}.Debug|Any CPU.ActiveCfg = Debug|Win32
		{06E30C65-D79A-4FEC-8A60-B36D907E6601}.Debug|x64.ActiveCfg = Debug|x64
		{06E30C65-D79A-4FEC-8A60-B36D907E6601}.Debug|x64.Build.0 = Debug|x64
		{06E30C65-D79A-4FEC-8A60-B36D907E6601}.Debug|x86.ActiveCfg = Debug|Win32
		{06E30C65-D79A-4FEC-8A60-B36D907E6601}.Debug|x86.Build.0 = Debug|Win32
		{06E30C65-D79A-4FEC-8A60-B36D907E6601}.Release|Any CPU.ActiveCfg = Release|Win32
		{06E30C65-D79A-4FEC-8A60-B36D907E6601}.Release|x64.ActiveCfg = Release|x64
		{06E30C65-D79A-4FEC-8A60-B36D907E6601}.Release|x64.Build.0 = Release|x64
		{06E30C65-D79A-4FEC-8A60-B36D907E6601}.Release|x86.ActiveCfg = Release|Win32
		{06E30C65-D79A-4FEC-8A60-B36D907E6601}.Release|x86.Build.0 = Release|Win32
		{06E30C65-D79A-4FEC-8A60-B36D907E6601}.Release-AVX|Any CPU.ActiveCfg = Release-AVX|Win32
		{06E30C65-D79A-4FEC-8A60-B36D907E6601}.Release-AVX|x64.ActiveCfg = Release-AVX|x64
		{06E30C65-D79A-4FEC-8A60-B36D907E6601}.Release-AVX|x64.Build.0 = Release-AVX|x64
		{06E30C65-D79A-4FEC-8A60-B36D907E6601}.Release-AVX|x86.ActiveCfg = Release-AVX|Win32
		{06E30C65-D79A-4FEC-8A60-B36D907E6601}.Release-AVX|x86.Build.0 = Release-AVX|Win32
		{06E30C65-D79A-4FEC-8A60-B36D907E6601}.Release-MT|Any CPU.ActiveCfg = Release|Win32
		{06E30C65-D79A-4FEC-8A60-B36D907E6601}.Release-MT|x64.ActiveCfg = Release|x64
		{06E30C65-D79A-4FEC-8A60-B36D907E6601}.Release-MT|x64.Build.0 = Release|x64
		{06E30C65-D79A-4FEC-8A60-B36D907E6601}.Release-MT|x86.ActiveCfg = Release|Win32
		{06E30C65-D79A-4FEC-8A60-B36D907E6601}.Release-MT|x86.Build.0 = Release|Win32
		{06E30C65-D79A-4FEC-8A60-B36D907E6601}.Release-MT-AVX|Any CPU.ActiveCfg = Release-MT-AVX|x64
		{06E30C65-D79A-4FEC-8A60-B36D907E6601}.Release-MT-AVX|x64.ActiveCfg = Release-AVX|x64
		{06E30C65-D79A-4FEC-8A60-B36D907E6601}.Release-MT-AVX|x64.Build.0 = Release-AVX|x64
		{06E30C65-D79A-4FEC-8A60-B36D907E6601}.Release-MT-AVX|x86.ActiveCfg = Release-MT-AVX|x64
		{16FBC8F6-E657-4242-8DBE-441CC9123674}.Debug|Any CPU.ActiveCfg = Release-MT-AVX|x64
		{16FBC8F6-E657-4242-8DBE-441CC9123674}.Debug|Any CPU.Build.0 = Release-MT-AVX|x64
		{16FBC8F6-E657-4242-8DBE-441CC9123674}.Debug|x64.ActiveCfg = Release-MT-AVX|x64
		{16FBC8F6-E657-4242-8DBE-441CC9123674}.Debug|x64.Build.0 = Release-MT-AVX|x64
		{16FBC8F6-E657-4242-8DBE-441CC9123674}.Debug|x86.ActiveCfg = Release-AVX|Win32
		{16FBC8F6-E657-4242-8DBE-441CC9123674}.Debug|x86.Build.0 = Release-AVX|Win32
		{16FBC8F6-E657-4242-8DBE-441CC9123674}.Release|Any CPU.ActiveCfg = Release|Win32
		{16FBC8F6-E657-4242-8DBE-441CC9123674}.Release|x64.ActiveCfg = Release|x64
		{16FBC8F6-E657-4242-8DBE-441CC9123674}.Release|x64.Build.0 = Release|x64
		{16FBC8F6-E657-4242-8DBE-441CC9123674}.Release|x86.ActiveCfg = Release|Win32
		{16FBC8F6-E657-4242-8DBE-441CC9123674}.Release|x86.Build.0 = Release|Win32
		{16FBC8F6-E657-4242-8DBE-441CC9123674}.Release-AVX|Any CPU.ActiveCfg = Release-AVX|Win32
		{16FBC8F6-E657-4242-8DBE-441CC9123674}.Release-AVX|x64.ActiveCfg = Release-AVX|x64
		{16FBC8F6-E657-4242-8DBE-441CC9123674}.Release-AVX|x64.Build.0 = Release-AVX|x64
		{16FBC8F6-E657-4242-8DBE-441CC9123674}.Release-AVX|x86.ActiveCfg = Release-AVX|Win32
		{16FBC8F6-E657-4242-8DBE-441CC9123674}.Release-AVX|x86.Build.0 = Release-AVX|Win32
		{16FBC8F6-E657-4242-8DBE-441CC9123674}.Release-MT|Any CPU.ActiveCfg = Release|Win32
		{16FBC8F6-E657-4242-8DBE-441CC9123674}.Release-MT|x64.ActiveCfg = Release|x64
		{16FBC8F6-E657-4242-8DBE-441CC9123674}.Release-MT|x64.Build.0 = Release|x64
		{16FBC8F6-E657-4242-8DBE-441CC9123674}.Release-MT|x86.ActiveCfg = Release|Win32
		{16FBC8F6-E657-4242-8DBE-441CC9123674}.Release-MT|x86.Build.0 = Release|Win32
		{16FBC8F6-E657-4242-8DBE-441CC9123674}.Release-MT-AVX|Any CPU.ActiveCfg = Release-MT-AVX|x64
		{16FBC8F6-E657-4242-8DBE-441CC9123674}.Release-MT-AVX|x64.ActiveCfg = Release-AVX|x64
		{16FBC8F6-E657-4242-8DBE-441CC9123674}.Release-MT-AVX|x64.Build.0 = Release-AVX|x64
		{16FBC8F6-E657-4242-8DBE-441CC9123674}.Release-MT-AVX|x86.ActiveCfg = Release-MT-AVX|x64
		{BF4A1EFE-0BD9-49A1-BC02-2FA53027B0D7}.Debug|Any CPU.ActiveCfg = Release-MT-AVX|x64
		{BF4A1EFE-0BD9-49A1-BC02-2FA53027B0D7}.Debug|Any CPU.Build.0 = Release-MT-AVX|x64
		{BF4A1EFE-0BD9-49A1-BC02-2FA53027B0D7}.Debug|x64.ActiveCfg = Release-MT-AVX|x64
		{BF4A1EFE-0BD9-49A1-BC02-2FA53027B0D7}.Debug|x64.Build.0 = Release-MT-AVX|x64
		{BF4A1EFE-0BD9-49A1-BC02-2FA53027B0D7}.Debug|x86.ActiveCfg = Release-MT-AVX|x64
		{BF4A1EFE-0BD9-49A1-BC02-2FA53027B0D7}.Debug|x86.Build.0 = Release-MT-AVX|x64
		{BF4A1EFE-0BD9-49A1-BC02-2FA53027B0D7}.Release|Any CPU.ActiveCfg = Release|x64
		{BF4A1EFE-0BD9-49A1-BC02-2FA53027B0D7}.Release|x64.ActiveCfg = Release|x64
		{BF4A1EFE-0BD9-49A1-BC02-2FA53027B0D7}.Release|x64.Build.0 = Release|x64
		{BF4A1EFE-0BD9-49A1-BC02-2FA53027B0D7}.Release|x86.ActiveCfg = Release|x64
		{BF4A1EFE-0BD9-49A1-BC02-2FA53027B0D7}.Release-AVX|Any CPU.ActiveCfg = Release-AVX|x64
		{BF4A1EFE-0BD9-49A1-BC02-2FA53027B0D7}.Release-AVX|x64.ActiveCfg = Release-AVX|x64
		{BF4A1EFE-0BD9-49A1-BC02-2FA53027B0D7}.Release-AVX|x64.Build.0 = Release-AVX|x64
		{BF4A1EFE-0BD9-49A1-BC02-2FA53027B0D7}.Release-AVX|x86.ActiveCfg = Release-AVX|x64
		{BF4A1EFE-0BD9-49A1-BC02-2FA53027B0D7}.Release-MT|Any CPU.ActiveCfg = Release|x64
		{BF4A1EFE-0BD9-49A1-BC02-2FA53027B0D7}.Release-MT|x64.ActiveCfg = Release|x64
		{BF4A1EFE-0BD9-49A1-BC02-2FA53027B0D7}.Release-MT|x64.Build.0 = Release|x64
		{BF4A1EFE-0BD9-49A1-BC02-2FA53027B0D7}.Release-MT|x86.ActiveCfg = Release|x64
		{BF4A1EFE-0BD9-49A1-BC02-2FA53027B0D7}.Release-MT-AVX|Any CPU.ActiveCfg = Release-MT-AVX|x64
		{BF4A1EFE-0BD9-49A1-BC02-2FA53027B0D7}.Release-MT-AVX|x64.ActiveCfg = Release-AVX|x64
		{BF4A1EFE-0BD9-49A1-BC02-2FA53027B0D7}.Release-MT-AVX|x64.Build.0 = Release-AVX|x64
		{BF4A1EFE-0BD9-49A1-BC02-2FA53027B0D7}.Release-MT-AVX|x86.ActiveCfg = Release-MT-AVX|x64
	EndGlobalSection
	GlobalSection(SolutionProperties) = preSolution
		HideSolutionNode = FALSE
	EndGlobalSection
	GlobalSection(NestedProjects) = preSolution
		{C52CA55B-1B6E-4725-8FA8-9817113801DC} = {59EF9353-20C8-4FA9-BD08-1765C7C25178}
		{413F4A50-5DF5-411D-A2B1-729054F66C70} = {59EF9353-20C8-4FA9-BD08-1765C7C25178}
		{9E771CA4-04D9-4ED8-80F2-FFD379413688} = {59EF9353-20C8-4FA9-BD08-1765C7C25178}
		{F62787DD-1327-448B-9818-030062BCFAA5} = {59EF9353-20C8-4FA9-BD08-1765C7C25178}
		{B15F131E-328A-4D42-ADC2-9FF4CA6306D8} = {59EF9353-20C8-4FA9-BD08-1765C7C25178}
		{06E30C65-D79A-4FEC-8A60-B36D907E6601} = {59EF9353-20C8-4FA9-BD08-1765C7C25178}
		{16FBC8F6-E657-4242-8DBE-441CC9123674} = {C7CCDF6A-B6A1-400D-AC19-B1030A325949}
	EndGlobalSection
	GlobalSection(ExtensibilityGlobals) = postSolution
		SolutionGuid = {3F100390-1C93-49B6-B220-99658C1DED3F}
	EndGlobalSection
EndGlobal
