<?xml version="1.0" encoding="utf-8"?>
<Project ToolsVersion="4.0" xmlns="http://schemas.microsoft.com/developer/msbuild/2003">
  <ItemGroup>
    <Filter Include="Source Files">
      <UniqueIdentifier>{4FC737F1-C7A5-4376-A066-2A32D752A2FF}</UniqueIdentifier>
      <Extensions>cpp;c;cc;cxx;def;odl;idl;hpj;bat;asm;asmx</Extensions>
    </Filter>
    <Filter Include="Header Files">
      <UniqueIdentifier>{93995380-89BD-4b04-88EB-625FBE52EBFB}</UniqueIdentifier>
      <Extensions>h;hh;hpp;hxx;hm;inl;inc;xsd</Extensions>
    </Filter>
    <Filter Include="Header Files\UI">
      <UniqueIdentifier>{e015c614-1eea-42df-b254-b63b981c8468}</UniqueIdentifier>
    </Filter>
    <Filter Include="Source Files\UI">
      <UniqueIdentifier>{8ac21372-4a9a-4e6b-ac6d-0248039f9a3c}</UniqueIdentifier>
    </Filter>
    <Filter Include="Source Files\Patches">
      <UniqueIdentifier>{6ecca651-f6ac-4430-b4b5-a9d5fb31e2fc}</UniqueIdentifier>
    </Filter>
    <Filter Include="Header Files\UI\Classes">
      <UniqueIdentifier>{b7db8a77-7b3c-45db-b7ed-adbc6fbea900}</UniqueIdentifier>
    </Filter>
    <Filter Include="Source Files\UI\Classes">
      <UniqueIdentifier>{895435af-7cd1-4201-a693-09007da7f43b}</UniqueIdentifier>
    </Filter>
    <Filter Include="Header Files\Utils">
      <UniqueIdentifier>{4f2e0375-dc16-4a4b-943c-bb12aafa811a}</UniqueIdentifier>
    </Filter>
    <Filter Include="Source Files\Utils">
      <UniqueIdentifier>{bc1302bb-1063-4a3a-89a4-53364001bd4f}</UniqueIdentifier>
    </Filter>
    <Filter Include="Source Files\Patches\CK">
      <UniqueIdentifier>{9a61be2f-a22e-47e3-a8dc-97bb27863811}</UniqueIdentifier>
    </Filter>
    <Filter Include="Header Files\UI\Windows">
      <UniqueIdentifier>{81dacff4-51da-4b50-87a1-a91f7fe41ed4}</UniqueIdentifier>
    </Filter>
    <Filter Include="Source Files\UI\Windows">
      <UniqueIdentifier>{ec9ef0a5-0078-47fc-9491-90360ef81de8}</UniqueIdentifier>
    </Filter>
    <Filter Include="Source Files\Patches\TES">
      <UniqueIdentifier>{21b55ee5-b253-45aa-b06c-c363d0179815}</UniqueIdentifier>
    </Filter>
    <Filter Include="Resources">
      <UniqueIdentifier>{c58ef404-38ca-4c41-b94f-f535f6add608}</UniqueIdentifier>
    </Filter>
    <Filter Include="Header Files\UI\Theme">
      <UniqueIdentifier>{4cb3eb36-9af6-4fad-b001-bffbaf9675bd}</UniqueIdentifier>
    </Filter>
    <Filter Include="Source Files\UI\Theme">
      <UniqueIdentifier>{15465807-fb72-43fe-a815-6fe39cdff7e4}</UniqueIdentifier>
    </Filter>
    <Filter Include="__dependencies">
      <UniqueIdentifier>{81995caa-f5d0-49b7-965d-68c1333396e6}</UniqueIdentifier>
    </Filter>
    <Filter Include="__dependencies\zipper">
      <UniqueIdentifier>{966ff70e-c235-430f-9b45-98e040be03f6}</UniqueIdentifier>
    </Filter>
    <Filter Include="__dependencies\jDialogs">
      <UniqueIdentifier>{480afd49-7d48-4f91-a6cb-125fb4154eca}</UniqueIdentifier>
    </Filter>
    <Filter Include="Header Files\Patches">
      <UniqueIdentifier>{ae770148-f22f-4c77-8ee3-fb61014bba30}</UniqueIdentifier>
    </Filter>
    <Filter Include="Header Files\Patches\CK">
      <UniqueIdentifier>{cd26e7a2-a163-4aa0-923d-f4759c8c3eac}</UniqueIdentifier>
    </Filter>
    <Filter Include="Source Files\api">
      <UniqueIdentifier>{9e4bc9b2-3d14-4bf0-98ae-e6d7a3108875}</UniqueIdentifier>
    </Filter>
    <Filter Include="Header Files\api">
      <UniqueIdentifier>{77647173-e309-499e-817d-efba3a4a4853}</UniqueIdentifier>
    </Filter>
    <Filter Include="Header Files\api\NiMain">
      <UniqueIdentifier>{84802889-1025-4cd6-a058-dfbb299ca34f}</UniqueIdentifier>
    </Filter>
    <Filter Include="Source Files\api\NiMain">
      <UniqueIdentifier>{abf91942-adb7-4809-b66d-40658cb59791}</UniqueIdentifier>
    </Filter>
    <Filter Include="Header Files\common">
      <UniqueIdentifier>{130df124-0e45-4bf7-8201-f186b3092561}</UniqueIdentifier>
    </Filter>
    <Filter Include="Source Files\common">
      <UniqueIdentifier>{a3e8dfbd-a04d-4210-b5d6-09fa8050185a}</UniqueIdentifier>
    </Filter>
  </ItemGroup>
  <ItemGroup>
    <ClInclude Include="src\ProfilerInternal.h">
      <Filter>Header Files</Filter>
    </ClInclude>
    <ClInclude Include="src\Config.h">
      <Filter>Header Files</Filter>
    </ClInclude>
    <ClInclude Include="resource.h">
      <Filter>Header Files</Filter>
    </ClInclude>
    <ClInclude Include="src\patches\CKF4\EditorUI.h">
      <Filter>Header Files\UI</Filter>
    </ClInclude>
    <ClInclude Include="src\patches\CKF4\UIMenus.h">
      <Filter>Header Files\UI\Classes</Filter>
    </ClInclude>
    <ClInclude Include="src\patches\CKF4\UIBaseWindow.h">
      <Filter>Header Files\UI\Classes</Filter>
    </ClInclude>
    <ClInclude Include="src\patches\CKF4\UICheckboxControl.h">
      <Filter>Header Files\UI\Classes</Filter>
    </ClInclude>
    <ClInclude Include="src\INIReader.h">
      <Filter>Header Files\Utils</Filter>
    </ClInclude>
    <ClInclude Include="src\UtfStr.h">
      <Filter>Header Files\Utils</Filter>
    </ClInclude>
    <ClInclude Include="src\patches\CKF4\ExperimentalNuukem.h">
      <Filter>Header Files\Patches\CK</Filter>
    </ClInclude>
    <ClInclude Include="src\patches\CKF4\UIProgressDialog.h">
      <Filter>Header Files\UI\Classes</Filter>
    </ClInclude>
    <ClInclude Include="src\patches\CKF4\EditorUIProgressDialog.h">
      <Filter>Header Files\UI</Filter>
    </ClInclude>
    <ClInclude Include="src\patches\CKF4\RenderWindow.h">
      <Filter>Header Files\UI\Windows</Filter>
    </ClInclude>
    <ClInclude Include="src\patches\CKF4\MainWindow.h">
      <Filter>Header Files\UI\Windows</Filter>
    </ClInclude>
    <ClInclude Include="src\patches\CKF4\ObjectWindow.h">
      <Filter>Header Files\UI\Windows</Filter>
    </ClInclude>
    <ClInclude Include="src\patches\CKF4\LogWindow.h">
      <Filter>Header Files\UI\Windows</Filter>
    </ClInclude>
    <ClInclude Include="src\patches\CKF4\CellViewWindow.h">
      <Filter>Header Files\UI\Windows</Filter>
    </ClInclude>
    <ClInclude Include="src\patches\CKF4\ResponseWindow.h">
      <Filter>Header Files\UI\Windows</Filter>
    </ClInclude>
    <ClInclude Include="src\patches\CKF4\DataWindow.h">
      <Filter>Header Files\UI\Windows</Filter>
    </ClInclude>
    <ClInclude Include="src\patches\CKF4\UIImageList.h">
      <Filter>Header Files\UI\Classes</Filter>
    </ClInclude>
    <ClInclude Include="src\patches\CKF4\UIGraphics.h">
      <Filter>Header Files\UI\Classes</Filter>
    </ClInclude>
    <ClInclude Include="src\patches\CKF4\UITheme\PopupMenu.h">
      <Filter>Header Files\UI\Theme</Filter>
    </ClInclude>
    <ClInclude Include="src\patches\CKF4\UITheme\VarCommon.h">
      <Filter>Header Files\UI\Theme</Filter>
    </ClInclude>
    <ClInclude Include="src\patches\CKF4\UITheme\MDIClient.h">
      <Filter>Header Files\UI\Theme</Filter>
    </ClInclude>
    <ClInclude Include="src\patches\CKF4\UITheme\ListView.h">
      <Filter>Header Files\UI\Theme</Filter>
    </ClInclude>
    <ClInclude Include="src\patches\CKF4\UITheme\TreeView.h">
      <Filter>Header Files\UI\Theme</Filter>
    </ClInclude>
    <ClInclude Include="src\patches\CKF4\UITheme\ToolBar.h">
      <Filter>Header Files\UI\Theme</Filter>
    </ClInclude>
    <ClInclude Include="src\patches\CKF4\UITheme\CheckBox.h">
      <Filter>Header Files\UI\Theme</Filter>
    </ClInclude>
    <ClInclude Include="src\patches\CKF4\UITheme\RadioButton.h">
      <Filter>Header Files\UI\Theme</Filter>
    </ClInclude>
    <ClInclude Include="src\patches\CKF4\UITheme\PushButton.h">
      <Filter>Header Files\UI\Theme</Filter>
    </ClInclude>
    <ClInclude Include="src\patches\CKF4\UITheme\GroupBox.h">
      <Filter>Header Files\UI\Theme</Filter>
    </ClInclude>
    <ClInclude Include="src\patches\CKF4\UITheme\EditText.h">
      <Filter>Header Files\UI\Theme</Filter>
    </ClInclude>
    <ClInclude Include="src\patches\CKF4\UITheme\ComboBox.h">
      <Filter>Header Files\UI\Theme</Filter>
    </ClInclude>
    <ClInclude Include="src\patches\CKF4\UITheme\StatusBar.h">
      <Filter>Header Files\UI\Theme</Filter>
    </ClInclude>
    <ClInclude Include="src\patches\CKF4\UITheme\ScrollBar.h">
      <Filter>Header Files\UI\Theme</Filter>
    </ClInclude>
    <ClInclude Include="src\patches\CKF4\UITheme\TrackBar.h">
      <Filter>Header Files\UI\Theme</Filter>
    </ClInclude>
    <ClInclude Include="src\patches\CKF4\UITheme\UpDown.h">
      <Filter>Header Files\UI\Theme</Filter>
    </ClInclude>
    <ClInclude Include="src\patches\CKF4\UITheme\ListBox.h">
      <Filter>Header Files\UI\Theme</Filter>
    </ClInclude>
    <ClInclude Include="src\patches\CKF4\UITheme\ProgressBar.h">
      <Filter>Header Files\UI\Theme</Filter>
    </ClInclude>
    <ClInclude Include="src\patches\CKF4\UITheme\CustomBox.h">
      <Filter>Header Files\UI\Theme</Filter>
    </ClInclude>
    <ClInclude Include="src\patches\CKF4\UITheme\TimeOfDay.h">
      <Filter>Header Files\UI\Theme</Filter>
    </ClInclude>
    <ClInclude Include="src\patches\CKF4\UITheme\Header.h">
      <Filter>Header Files\UI\Theme</Filter>
    </ClInclude>
    <ClInclude Include="src\patches\CKF4\UITheme\PageControl.h">
      <Filter>Header Files\UI\Theme</Filter>
    </ClInclude>
    <ClInclude Include="src\patches\CKF4\UITheme\RichEdit20.h">
      <Filter>Header Files\UI\Theme</Filter>
    </ClInclude>
    <ClInclude Include="src\patches\CKF4\UIThemeMode.h">
      <Filter>Header Files\UI</Filter>
    </ClInclude>
    <ClInclude Include="src\patches\CKF4\PreferencesWindow.h">
      <Filter>Header Files\UI\Windows</Filter>
    </ClInclude>
    <ClInclude Include="src\patches\CKF4\UITheme\Memo.h">
      <Filter>Header Files\UI\Theme</Filter>
    </ClInclude>
    <ClInclude Include="src\patches\CKF4\Editor.h">
      <Filter>Header Files\Patches\CK</Filter>
    </ClInclude>
    <ClInclude Include="src\patches\CKF4\ShowHideWindow.h">
      <Filter>Header Files\UI\Windows</Filter>
    </ClInclude>
    <ClInclude Include="src\patches\CKF4\ActorWindow.h">
      <Filter>Header Files\UI\Windows</Filter>
    </ClInclude>
    <ClInclude Include="..\Dependencies\zipper\src\zip.h">
      <Filter>__dependencies\zipper</Filter>
    </ClInclude>
    <ClInclude Include="..\Dependencies\zipper\src\miniz.h">
      <Filter>__dependencies\zipper</Filter>
    </ClInclude>
    <ClInclude Include="src\patches\CKF4\UIDialogManager.h">
      <Filter>Header Files\UI\Classes</Filter>
    </ClInclude>
    <ClInclude Include="src\patches\deflate.h">
      <Filter>Header Files\Patches</Filter>
    </ClInclude>
    <ClInclude Include="src\patches\boost_search_array.h">
      <Filter>Header Files\Patches</Filter>
    </ClInclude>
    <ClInclude Include="src\patches\CKF4\TranslateUnicode_CK.h">
      <Filter>Header Files\Patches\CK</Filter>
    </ClInclude>
    <ClInclude Include="src\EraseIf.h">
      <Filter>Header Files\Utils</Filter>
    </ClInclude>
    <ClInclude Include="src\patches\CKF4\LayersWindow.h">
      <Filter>Header Files\UI\Windows</Filter>
    </ClInclude>
    <ClInclude Include="src\api\TESFormComponents.h">
      <Filter>Header Files\api</Filter>
    </ClInclude>
    <ClInclude Include="src\api\TESForm.h">
      <Filter>Header Files\api</Filter>
    </ClInclude>
    <ClInclude Include="src\api\EditorAPI.h">
      <Filter>Header Files\api</Filter>
    </ClInclude>
    <ClInclude Include="src\api\BSTList.h">
      <Filter>Header Files\api</Filter>
    </ClInclude>
    <ClInclude Include="src\api\BSTArray.h">
      <Filter>Header Files\api</Filter>
    </ClInclude>
    <ClInclude Include="src\api\TESCell.h">
      <Filter>Header Files\api</Filter>
    </ClInclude>
    <ClInclude Include="src\api\TESFile.h">
      <Filter>Header Files\api</Filter>
    </ClInclude>
    <ClInclude Include="src\api\TESObjectREFR.h">
      <Filter>Header Files\api</Filter>
    </ClInclude>
    <ClInclude Include="src\api\NiMain\NiTypes.h">
      <Filter>Header Files\api\NiMain</Filter>
    </ClInclude>
    <ClInclude Include="src\api\NiMain\GameAPI.h">
      <Filter>Header Files\api\NiMain</Filter>
    </ClInclude>
    <ClInclude Include="src\api\BGLayer.h">
      <Filter>Header Files\api</Filter>
    </ClInclude>
    <ClInclude Include="src\api\NiMain\GameTypes.h">
      <Filter>Header Files\api\NiMain</Filter>
    </ClInclude>
    <ClInclude Include="src\common\MemoryManager.h">
      <Filter>Header Files\common</Filter>
    </ClInclude>
    <ClInclude Include="src\api\NiMain\GameEvents.h">
      <Filter>Header Files\api\NiMain</Filter>
    </ClInclude>
    <ClInclude Include="src\api\NiMain\NiRefObject.h">
      <Filter>Header Files\api\NiMain</Filter>
    </ClInclude>
    <ClInclude Include="src\patches\CKF4\DMDebugInfoFormWindow.h">
      <Filter>Header Files\UI\Windows</Filter>
    </ClInclude>
    <ClInclude Include="src\api\BGSRenderWindow.h">
      <Filter>Header Files\api</Filter>
    </ClInclude>
    <ClInclude Include="src\Utilities.h">
      <Filter>Header Files\Utils</Filter>
    </ClInclude>
    <ClInclude Include="src\StdAfx.h">
      <Filter>Header Files</Filter>
    </ClInclude>
    <ClInclude Include="src\Offsets.h">
      <Filter>Header Files\Utils</Filter>
    </ClInclude>
    <ClInclude Include="src\patches\bhkThreadMemorySource.h">
      <Filter>Header Files\Patches</Filter>
    </ClInclude>
    <ClInclude Include="..\Dependencies\jDialogs\include\jdialogs.h">
      <Filter>__dependencies\jDialogs</Filter>
    </ClInclude>
  </ItemGroup>
  <ItemGroup>
    <ClCompile Include="src\Main.cpp">
      <Filter>Source Files</Filter>
    </ClCompile>
    <ClCompile Include="src\StdAfx.cpp">
      <Filter>Source Files</Filter>
    </ClCompile>
    <ClCompile Include="src\Exports.cpp">
      <Filter>Source Files</Filter>
    </ClCompile>
    <ClCompile Include="src\patches\CKF4\UIMenus.cpp">
      <Filter>Source Files\UI\Classes</Filter>
    </ClCompile>
    <ClCompile Include="src\patches\CKF4\UIBaseWindow.cpp">
      <Filter>Source Files\UI\Classes</Filter>
    </ClCompile>
    <ClCompile Include="src\patches\CKF4\UICheckboxControl.cpp">
      <Filter>Source Files\UI\Classes</Filter>
    </ClCompile>
    <ClCompile Include="src\UtfStr.cpp">
      <Filter>Source Files\Utils</Filter>
    </ClCompile>
    <ClCompile Include="src\patches\CKF4\ExperimentalNuukem.cpp">
      <Filter>Source Files\Patches\CK</Filter>
    </ClCompile>
    <ClCompile Include="src\patches\CKF4\UIProgressDialog.cpp">
      <Filter>Source Files\UI\Classes</Filter>
    </ClCompile>
    <ClCompile Include="src\patches\threading.cpp">
      <Filter>Source Files\Patches</Filter>
    </ClCompile>
    <ClCompile Include="src\patches\CKF4\EditorUIProgressDialog.cpp">
      <Filter>Source Files\UI</Filter>
    </ClCompile>
    <ClCompile Include="src\patches\CKF4\RenderWindow.cpp">
      <Filter>Source Files\UI\Windows</Filter>
    </ClCompile>
    <ClCompile Include="src\patches\CKF4\LogWindow.cpp">
      <Filter>Source Files\UI\Windows</Filter>
    </ClCompile>
    <ClCompile Include="src\patches\CKF4\MainWindow.cpp">
      <Filter>Source Files\UI\Windows</Filter>
    </ClCompile>
    <ClCompile Include="src\patches\CKF4\ObjectWindow.cpp">
      <Filter>Source Files\UI\Windows</Filter>
    </ClCompile>
    <ClCompile Include="src\patches\CKF4\CellViewWindow.cpp">
      <Filter>Source Files\UI\Windows</Filter>
    </ClCompile>
    <ClCompile Include="src\patches\CKF4\ResponseWindow.cpp">
      <Filter>Source Files\UI\Windows</Filter>
    </ClCompile>
    <ClCompile Include="src\patches\CKF4\DataWindow.cpp">
      <Filter>Source Files\UI\Windows</Filter>
    </ClCompile>
    <ClCompile Include="src\patches\TES\Achievements.cpp">
      <Filter>Source Files\Patches\TES</Filter>
    </ClCompile>
    <ClCompile Include="src\patches\CKF4\UIImageList.cpp">
      <Filter>Source Files\UI\Classes</Filter>
    </ClCompile>
    <ClCompile Include="src\patches\CKF4\UIGraphics.cpp">
      <Filter>Source Files\UI\Classes</Filter>
    </ClCompile>
    <ClCompile Include="src\patches\CKF4\UITheme\PopupMenu.cpp">
      <Filter>Source Files\UI\Theme</Filter>
    </ClCompile>
    <ClCompile Include="src\patches\CKF4\UITheme\VarCommon.cpp">
      <Filter>Source Files\UI\Theme</Filter>
    </ClCompile>
    <ClCompile Include="src\patches\CKF4\UITheme\MDIClient.cpp">
      <Filter>Source Files\UI\Theme</Filter>
    </ClCompile>
    <ClCompile Include="src\patches\CKF4\UITheme\ListView.cpp">
      <Filter>Source Files\UI\Theme</Filter>
    </ClCompile>
    <ClCompile Include="src\patches\CKF4\UITheme\TreeView.cpp">
      <Filter>Source Files\UI\Theme</Filter>
    </ClCompile>
    <ClCompile Include="src\patches\CKF4\UITheme\ToolBar.cpp">
      <Filter>Source Files\UI\Theme</Filter>
    </ClCompile>
    <ClCompile Include="src\patches\CKF4\UITheme\CheckBox.cpp">
      <Filter>Source Files\UI\Theme</Filter>
    </ClCompile>
    <ClCompile Include="src\patches\CKF4\UITheme\RadioButton.cpp">
      <Filter>Source Files\UI\Theme</Filter>
    </ClCompile>
    <ClCompile Include="src\patches\CKF4\UITheme\PushButton.cpp">
      <Filter>Source Files\UI\Theme</Filter>
    </ClCompile>
    <ClCompile Include="src\patches\CKF4\UITheme\GroupBox.cpp">
      <Filter>Source Files\UI\Theme</Filter>
    </ClCompile>
    <ClCompile Include="src\patches\CKF4\UITheme\EditText.cpp">
      <Filter>Source Files\UI\Theme</Filter>
    </ClCompile>
    <ClCompile Include="src\patches\CKF4\UITheme\ComboBox.cpp">
      <Filter>Source Files\UI\Theme</Filter>
    </ClCompile>
    <ClCompile Include="src\patches\CKF4\UITheme\StatusBar.cpp">
      <Filter>Source Files\UI\Theme</Filter>
    </ClCompile>
    <ClCompile Include="src\patches\CKF4\UITheme\ScrollBar.cpp">
      <Filter>Source Files\UI\Theme</Filter>
    </ClCompile>
    <ClCompile Include="src\patches\CKF4\UITheme\TrackBar.cpp">
      <Filter>Source Files\UI\Theme</Filter>
    </ClCompile>
    <ClCompile Include="src\patches\CKF4\UITheme\UpDown.cpp">
      <Filter>Source Files\UI\Theme</Filter>
    </ClCompile>
    <ClCompile Include="src\patches\CKF4\UITheme\ListBox.cpp">
      <Filter>Source Files\UI\Theme</Filter>
    </ClCompile>
    <ClCompile Include="src\patches\CKF4\UITheme\ProgressBar.cpp">
      <Filter>Source Files\UI\Theme</Filter>
    </ClCompile>
    <ClCompile Include="src\patches\CKF4\UITheme\CustomBox.cpp">
      <Filter>Source Files\UI\Theme</Filter>
    </ClCompile>
    <ClCompile Include="src\patches\CKF4\UITheme\TimeOfDay.cpp">
      <Filter>Source Files\UI\Theme</Filter>
    </ClCompile>
    <ClCompile Include="src\patches\CKF4\UITheme\Header.cpp">
      <Filter>Source Files\UI\Theme</Filter>
    </ClCompile>
    <ClCompile Include="src\patches\CKF4\UITheme\PageControl.cpp">
      <Filter>Source Files\UI\Theme</Filter>
    </ClCompile>
    <ClCompile Include="src\patches\CKF4\UITheme\RichEdit20.cpp">
      <Filter>Source Files\UI\Theme</Filter>
    </ClCompile>
    <ClCompile Include="src\patches\CKF4\PreferencesWindow.cpp">
      <Filter>Source Files\UI\Windows</Filter>
    </ClCompile>
    <ClCompile Include="src\patches\CKF4\UITheme\Memo.cpp">
      <Filter>Source Files\UI\Theme</Filter>
    </ClCompile>
    <ClCompile Include="src\patches\CKF4\EditorUI.cpp">
      <Filter>Source Files\UI</Filter>
    </ClCompile>
    <ClCompile Include="src\patches\CKF4\Editor.cpp">
      <Filter>Source Files\Patches\CK</Filter>
    </ClCompile>
    <ClCompile Include="src\Dump.cpp">
      <Filter>Source Files</Filter>
    </ClCompile>
    <ClCompile Include="src\patches\CKF4\UIThemeMode.cpp">
      <Filter>Source Files\UI</Filter>
    </ClCompile>
    <ClCompile Include="src\patches\CKF4\ShowHideWindow.cpp">
      <Filter>Source Files\UI\Windows</Filter>
    </ClCompile>
    <ClCompile Include="src\INIReader.cpp">
      <Filter>Source Files\Utils</Filter>
    </ClCompile>
    <ClCompile Include="src\patches\CKF4\ActorWindow.cpp">
      <Filter>Source Files\UI\Windows</Filter>
    </ClCompile>
    <ClCompile Include="..\Dependencies\zipper\src\zip.c">
      <Filter>__dependencies\zipper</Filter>
    </ClCompile>
    <ClCompile Include="src\patches\CKF4\UIDialogManager.cpp">
      <Filter>Source Files\UI\Classes</Filter>
    </ClCompile>
    <ClCompile Include="src\patches\deflate.cpp">
      <Filter>Source Files\Patches</Filter>
    </ClCompile>
    <ClCompile Include="src\patches\boost_search_array.cpp">
      <Filter>Source Files\Patches</Filter>
    </ClCompile>
    <ClCompile Include="src\patches\CKF4\TranslateUnicode_CK.cpp">
      <Filter>Source Files\Patches\CK</Filter>
    </ClCompile>
    <ClCompile Include="src\patches\CKF4\ENBSeriesFixableRun.cpp">
      <Filter>Source Files\Patches\CK</Filter>
    </ClCompile>
    <ClCompile Include="src\patches\CKF4\LayersWindow.cpp">
      <Filter>Source Files\UI\Windows</Filter>
    </ClCompile>
    <ClCompile Include="src\api\TESForm.cpp">
      <Filter>Source Files\api</Filter>
    </ClCompile>
    <ClCompile Include="src\api\EditorAPI.cpp">
      <Filter>Source Files\api</Filter>
    </ClCompile>
    <ClCompile Include="src\api\TESFile.cpp">
      <Filter>Source Files\api</Filter>
    </ClCompile>
    <ClCompile Include="src\api\NiMain\NiTypes.cpp">
      <Filter>Source Files\api\NiMain</Filter>
    </ClCompile>
    <ClCompile Include="src\api\NiMain\GameAPI.cpp">
      <Filter>Source Files\api\NiMain</Filter>
    </ClCompile>
    <ClCompile Include="src\api\BGLayer.cpp">
      <Filter>Source Files\api</Filter>
    </ClCompile>
    <ClCompile Include="src\api\NiMain\GameTypes.cpp">
      <Filter>Source Files\api\NiMain</Filter>
    </ClCompile>
    <ClCompile Include="src\common\MemoryManager.cpp">
      <Filter>Source Files\common</Filter>
    </ClCompile>
    <ClCompile Include="src\patches\CKF4\DMDebugInfoFormWindow.cpp">
      <Filter>Source Files\UI\Windows</Filter>
    </ClCompile>
    <ClCompile Include="src\Utilities.cpp">
      <Filter>Source Files\Utils</Filter>
    </ClCompile>
    <ClCompile Include="src\Offsets.cpp">
      <Filter>Source Files\Utils</Filter>
    </ClCompile>
    <ClCompile Include="src\patches\BNet.cpp">
      <Filter>Source Files\Patches</Filter>
    </ClCompile>
    <ClCompile Include="src\patches\patches_f4tes.cpp">
      <Filter>Source Files\Patches</Filter>
    </ClCompile>
    <ClCompile Include="src\patches\patches_f4ck.cpp">
      <Filter>Source Files\Patches</Filter>
    </ClCompile>
    <ClCompile Include="src\patches\TES\GameSettings.cpp">
      <Filter>Source Files\Patches\TES</Filter>
    </ClCompile>
    <ClCompile Include="src\patches\TES\GameWindow.cpp">
      <Filter>Source Files\Patches\TES</Filter>
    </ClCompile>
    <ClCompile Include="src\patches\bhkThreadMemorySource.cpp">
      <Filter>Source Files\Patches</Filter>
    </ClCompile>
    <ClCompile Include="src\patches\CKF4\PreCombinedSeargeDP.cpp">
      <Filter>Source Files\Patches\CK</Filter>
    </ClCompile>
    <ClCompile Include="..\Dependencies\jDialogs\include\jdialogs.cpp">
      <Filter>__dependencies\jDialogs</Filter>
    </ClCompile>
    <ClCompile Include="src\api\TESObjectREFR.cpp">
      <Filter>Source Files\api</Filter>
    </ClCompile>
  </ItemGroup>
  <ItemGroup>
    <None Include="..\Resources\f4ck_loader.bin">
      <Filter>Resources</Filter>
    </None>
    <None Include="cpp.hint">
      <Filter>Resources</Filter>
    </None>
  </ItemGroup>
  <ItemGroup>
    <Image Include="..\Resources\check_darktheme.bmp">
      <Filter>Resources</Filter>
    </Image>
    <Image Include="..\Resources\check.bmp">
      <Filter>Resources</Filter>
    </Image>
    <Image Include="..\Resources\uncheck.bmp">
      <Filter>Resources</Filter>
    </Image>
    <Image Include="..\Resources\uncheck_darktheme.bmp">
      <Filter>Resources</Filter>
    </Image>
    <Image Include="..\Resources\toolbar.bmp">
      <Filter>Resources</Filter>
    </Image>
    <Image Include="..\Resources\types.bmp">
      <Filter>Resources</Filter>
    </Image>
    <Image Include="..\Resources\toolbar_light.bmp">
      <Filter>Resources</Filter>
    </Image>
    <Image Include="..\Resources\logo.bmp">
      <Filter>Resources</Filter>
    </Image>
    <Image Include="..\Resources\Bitmap_430_w.bmp">
      <Filter>Resources</Filter>
    </Image>
  </ItemGroup>
  <ItemGroup>
    <ResourceCompile Include="resource.rc">
      <Filter>Resources</Filter>
    </ResourceCompile>
  </ItemGroup>
</Project>